
Microsoft Visual Studio Solution File, Format Version 12.00
# Visual Studio Version 16
VisualStudioVersion = 16.0.30523.141
MinimumVisualStudioVersion = 10.0.40219.1
Project("{FAE04EC0-301F-11D3-BF4B-00C04F79EFBC}") = "190707051_MerveYağmurYeşil", "190707051_MerveYağmurYeşil.csproj", "{FEDE9B25-59D9-45C4-BEA3-4B5565CBF5A2}"
EndProject
Global
	GlobalSection(SolutionConfigurationPlatforms) = preSolution
		Debug|Any CPU = Debug|Any CPU
		Release|Any CPU = Release|Any CPU
	EndGlobalSection
	GlobalSection(ProjectConfigurationPlatforms) = postSolution
		{FEDE9B25-59D9-45C4-BEA3-4B5565CBF5A2}.Debug|Any CPU.ActiveCfg = Debug|Any CPU
		{FEDE9B25-59D9-45C4-BEA3-4B5565CBF5A2}.Debug|Any CPU.Build.0 = Debug|Any CPU
		{FEDE9B25-59D9-45C4-BEA3-4B5565CBF5A2}.Release|Any CPU.ActiveCfg = Release|Any CPU
		{FEDE9B25-59D9-45C4-BEA3-4B5565CBF5A2}.Release|Any CPU.Build.0 = Release|Any CPU
	EndGlobalSection
	GlobalSection(SolutionProperties) = preSolution
		HideSolutionNode = FALSE
	EndGlobalSection
	GlobalSection(ExtensibilityGlobals) = postSolution
		SolutionGuid = {6363E7E2-97B2-4CB4-9D67-53627C077062}
	EndGlobalSection
EndGlobal
